
Microsoft Visual Studio Solution File, Format Version 12.00
# Visual Studio 15
VisualStudioVersion = 15.0.28010.2026
MinimumVisualStudioVersion = 10.0.40219.1
Project("{FAE04EC0-301F-11D3-BF4B-00C04F79EFBC}") = "Trump's Website Deporter TM", "Trump's Website Deporter TM\Trump's Website Deporter TM.csproj", "{795191A5-10AE-4E67-B0DB-4FD4635342EF}"
EndProject
Global
	GlobalSection(SolutionConfigurationPlatforms) = preSolution
		Debug|Any CPU = Debug|Any CPU
		Release|Any CPU = Release|Any CPU
	EndGlobalSection
	GlobalSection(ProjectConfigurationPlatforms) = postSolution
		{795191A5-10AE-4E67-B0DB-4FD4635342EF}.Debug|Any CPU.ActiveCfg = Debug|Any CPU
		{795191A5-10AE-4E67-B0DB-4FD4635342EF}.Debug|Any CPU.Build.0 = Debug|Any CPU
		{795191A5-10AE-4E67-B0DB-4FD4635342EF}.Release|Any CPU.ActiveCfg = Release|Any CPU
		{795191A5-10AE-4E67-B0DB-4FD4635342EF}.Release|Any CPU.Build.0 = Release|Any CPU
	EndGlobalSection
	GlobalSection(SolutionProperties) = preSolution
		HideSolutionNode = FALSE
	EndGlobalSection
	GlobalSection(ExtensibilityGlobals) = postSolution
		SolutionGuid = {01F3EE50-2CAA-4AAB-A0A2-D5534E71F9EC}
	EndGlobalSection
EndGlobal
